
Microsoft Visual Studio Solution File, Format Version 12.00
# Visual Studio Version 16
VisualStudioVersion = 16.0.31702.278
MinimumVisualStudioVersion = 10.0.40219.1
Project("{FAE04EC0-301F-11D3-BF4B-00C04F79EFBC}") = "patronObserver", "patronObserver.csproj", "{4A0D6255-2F17-40E8-A3B9-F42060C1A05C}"
EndProject
Global
	GlobalSection(SolutionConfigurationPlatforms) = preSolution
		Debug|Any CPU = Debug|Any CPU
		Release|Any CPU = Release|Any CPU
	EndGlobalSection
	GlobalSection(ProjectConfigurationPlatforms) = postSolution
		{4A0D6255-2F17-40E8-A3B9-F42060C1A05C}.Debug|Any CPU.ActiveCfg = Debug|Any CPU
		{4A0D6255-2F17-40E8-A3B9-F42060C1A05C}.Debug|Any CPU.Build.0 = Debug|Any CPU
		{4A0D6255-2F17-40E8-A3B9-F42060C1A05C}.Release|Any CPU.ActiveCfg = Release|Any CPU
		{4A0D6255-2F17-40E8-A3B9-F42060C1A05C}.Release|Any CPU.Build.0 = Release|Any CPU
	EndGlobalSection
	GlobalSection(SolutionProperties) = preSolution
		HideSolutionNode = FALSE
	EndGlobalSection
	GlobalSection(ExtensibilityGlobals) = postSolution
		SolutionGuid = {1C7FBFB8-0A28-4D1E-B92F-A2E40F269EC9}
	EndGlobalSection
EndGlobal
